{
  "name": "syncare-frontend",
  "version": "1.0.0",
  "lockfileVersion": 3,
  "requires": true,
  "packages": {
    "": {
      "name": "syncare-frontend",
      "version": "1.0.0",
      "dependencies": {
        "react": "^18.2.0",
        "react-dom": "^18.2.0",
        "react-router-dom": "^6.22.0",
        "react-scripts": "5.0.1"
      },
      "devDependencies": {
        "eslint-plugin-react-hooks": "^4.6.0",
        "gh-pages": "^6.3.0"
      }
    },
    "node_modules/@aashutoshrathi/word-wrap": {
      "version": "1.2.6",
      "resolved": "https://registry.npmjs.org/@aashutoshrathi/word-wrap/-/word-wrap-1.2.6.tgz",
      "integrity": "sha512-1Yjs2SvM8TflER/OD3cOjhWWE16O30r4aGQdensFJok2yMscAlhaQaNinternal"
    },
    "node_modules/react": {
      "version": "18.2.0",
      "resolved": "https://registry.npmjs.org/react/-/react-18.2.0.tgz",
      "integrity": "sha512-/3IjMdb2cLg7fCIbJ04+3dcQOLU7LjLnnWesrWbzjK/YohRA6pr+dcZ9z6grH8N0Bw4+FUSjYe1eNBM8b41Zw==",
      "dependencies": {
        "loose-envify": "^1.1.0"
      },
      "engines": {
        "node": ">=0.10.0"
      }
    },
    "node_modules/react-dom": {
      "version": "18.2.0",
      "resolved": "https://registry.npmjs.org/react-dom/-/react-dom-18.2.0.tgz",
      "integrity": "sha512-6IMTriUmvsjHUjNtEDudZfuiQB5SyVu60SQ048zqL5FZsw6PcMstjWDMThOjissqties+CWI+7i4n6y0PsqsTw==",
      "dependencies": {
        "loose-envify": "^1.1.0",
        "scheduler": "^0.23.0"
      },
      "peerDependencies": {
        "react": "^18.2.0"
      }
    },
    "node_modules/react-router-dom": {
      "version": "6.22.0",
      "resolved": "https://registry.npmjs.org/react-router-dom/-/react-router-dom-6.22.0.tgz",
      "integrity": "sha512-z9k+okbye3G+LpHc6MRTi34087sKQBVyip7qgMVEu4zwvl/I04nKmN0vqwPXQM+41vB1z9n2qKyNvVF0I0T8Zw==",
      "dependencies": {
        "@remix-run/router": "1.14.0",
        "react-router": "6.22.0"
      },
      "engines": {
        "node": ">=16.8.0"
      },
      "peerDependencies": {
        "react": ">=16.8",
        "react-dom": ">=16.8"
      }
    },
    "node_modules/react-scripts": {
      "version": "5.0.1",
      "resolved": "https://registry.npmjs.org/react-scripts/-/react-scripts-5.0.1.tgz",
      "integrity": "sha512-8VAmEm58ow+2XTmtC37hBIr3z1rK7SNZ3kITrW0QNYqUJpY8oCT8tK/+eoXT3vs0sTkQvsubJewsusSmHDxWA=="
    },
    "node_modules/gh-pages": {
      "version": "6.3.0",
      "resolved": "https://registry.npmjs.org/gh-pages/-/gh-pages-6.3.0.tgz",
      "integrity": "sha512-Y5n5nNsgp5K0nAbX9qHNJKXWkQOi1WKKxnJoZj+1MqQAaKA2bRGgfKS3L+3d3xjJqVODt9NdO6cSbTVVMPYEA=="
    },
    "node_modules/eslint-plugin-react-hooks": {
      "version": "4.6.0",
      "resolved": "https://registry.npmjs.org/eslint-plugin-react-hooks/-/eslint-plugin-react-hooks-4.6.0.tgz",
      "integrity": "sha512-oqlEbqs0C8jl0UEr9OuJchXpjJG7DcwkT66TAm+r7bs3nSLD+7w3bwHBsRUeGvJc5OFRPzMTvsfeltWs+qFYrw=="
    },
    "node_modules/loose-envify": {
      "version": "1.4.0",
      "resolved": "https://registry.npmjs.org/loose-envify/-/loose-envify-1.4.0.tgz",
      "integrity": "sha512-lyuxPGr/wvjTqW6lvSIeOLZjMRmubNcwm0PPHgomLMGY0Ijl2MF2i8T6Dal+BWhBUmnnCBmiy/oKIK+rbExQmw==",
      "bin": {
        "loose-envify": "cli.js"
      },
      "engines": {
        "node": ">= 0.4.0"
      }
    },
    "node_modules/scheduler": {
      "version": "0.23.0",
      "resolved": "https://registry.npmjs.org/scheduler/-/scheduler-0.23.0.tgz",
      "integrity": "sha512-CturzjWvZLe3/XCMvj7ecEwsIUxY/jsVWGzpEoM51c+3jCUxcJL0oJOrdu3mpUcvkDgMHuGAeNRoKqNikXP+4w==",
      "dependencies": {
        "loose-envify": "^1.1.0"
      }
    },
    "node_modules/@remix-run/router": {
      "version": "1.14.0",
      "resolved": "https://registry.npmjs.org/@remix-run/router/-/router-1.14.0.tgz",
      "integrity": "sha512-VlIU1T43fKIJoTWqz/L8rEHnfn7eUMwxqMlLH9aenLjNnJlkMx6EhW8PfeFHq4Ng1pnMmctekxXKLa5J/Xjg==",
      "engines": {
        "node": ">=14.0.0"
      }
    },
    "node_modules/react-router": {
      "version": "6.22.0",
      "resolved": "https://registry.npmjs.org/react-router/-/react-router-6.22.0.tgz",
      "integrity": "sha512-q513bTG1+6oCk/AXqgFwymXK6qKuJTkUfXGj4HbWH8S9O+ZXETvegeu61UF/HKSRTuOI9qFK2c9MjLfuPsfKg==",
      "dependencies": {
        "@remix-run/router": "1.14.0"
      },
      "engines": {
        "node": ">=16.8.0"
      },
      "peerDependencies": {
        "react": ">=16.8"
      }
    }
  }
}
